// !$*UTF8*$!
{
	archiveVersion = 1;
	classes = {
	};
	objectVersion = 48;
	objects = {

/* Begin PBXBuildFile section */
		F52AB7F5205918030066652E /* Cookbook.plist in Resources */ = {isa = PBXBuildFile; fileRef = F52AB7F4205918030066652E /* Cookbook.plist */; };
		F52AB7F9205918470066652E /* Recipe.swift in Sources */ = {isa = PBXBuildFile; fileRef = F52AB7F7205918470066652E /* Recipe.swift */; };
		F52AB7FA205918470066652E /* Recipe+Loading.swift in Sources */ = {isa = PBXBuildFile; fileRef = F52AB7F8205918470066652E /* Recipe+Loading.swift */; };
		F52AB7FC205918A10066652E /* CookbookStoryboardIdentifier.swift in Sources */ = {isa = PBXBuildFile; fileRef = F52AB7FB205918A00066652E /* CookbookStoryboardIdentifier.swift */; };
		F52AB801205920E20066652E /* SimpleStackView.swift in Sources */ = {isa = PBXBuildFile; fileRef = F52AB800205920E20066652E /* SimpleStackView.swift */; };
		F533C434205CD8E20007C438 /* DynamicStackView.swift in Sources */ = {isa = PBXBuildFile; fileRef = F533C433205CD8E20007C438 /* DynamicStackView.swift */; };
		F59FF390205B8DC7002127D1 /* NestedStackViews.swift in Sources */ = {isa = PBXBuildFile; fileRef = F59FF38F205B8DC7002127D1 /* NestedStackViews.swift */; };
		F59FF392205BD049002127D1 /* BaseVC.swift in Sources */ = {isa = PBXBuildFile; fileRef = F59FF391205BD049002127D1 /* BaseVC.swift */; };
		F5CF3C5E2068FB8000497DD4 /* TwoDifferentWidthViews.swift in Sources */ = {isa = PBXBuildFile; fileRef = F5CF3C5D2068FB8000497DD4 /* TwoDifferentWidthViews.swift */; };
		F5CF3C602069055700497DD4 /* TwoViewsWithComplexWidths.swift in Sources */ = {isa = PBXBuildFile; fileRef = F5CF3C5F2069055700497DD4 /* TwoViewsWithComplexWidths.swift */; };
		F5D252392061263100D65975 /* TwoEqualWidthViews.swift in Sources */ = {isa = PBXBuildFile; fileRef = F5D252382061263000D65975 /* TwoEqualWidthViews.swift */; };
		F5EB71732057DD9300B4F6C1 /* AppDelegate.swift in Sources */ = {isa = PBXBuildFile; fileRef = F5EB71722057DD9300B4F6C1 /* AppDelegate.swift */; };
		F5EB717A2057DD9300B4F6C1 /* Assets.xcassets in Resources */ = {isa = PBXBuildFile; fileRef = F5EB71792057DD9300B4F6C1 /* Assets.xcassets */; };
		F5EB717D2057DD9300B4F6C1 /* LaunchScreen.storyboard in Resources */ = {isa = PBXBuildFile; fileRef = F5EB717B2057DD9300B4F6C1 /* LaunchScreen.storyboard */; };
		F5EB71882057DD9400B4F6C1 /* demoAutoLayoutProgrammaticallyTests.swift in Sources */ = {isa = PBXBuildFile; fileRef = F5EB71872057DD9400B4F6C1 /* demoAutoLayoutProgrammaticallyTests.swift */; };
/* End PBXBuildFile section */

/* Begin PBXContainerItemProxy section */
		F5EB71842057DD9300B4F6C1 /* PBXContainerItemProxy */ = {
			isa = PBXContainerItemProxy;
			containerPortal = F5EB71672057DD9300B4F6C1 /* Project object */;
			proxyType = 1;
			remoteGlobalIDString = F5EB716E2057DD9300B4F6C1;
			remoteInfo = demoAutoLayoutProgrammatically;
		};
/* End PBXContainerItemProxy section */

/* Begin PBXFileReference section */
		F52AB7F4205918030066652E /* Cookbook.plist */ = {isa = PBXFileReference; fileEncoding = 4; lastKnownFileType = text.plist.xml; path = Cookbook.plist; sourceTree = "<group>"; };
		F52AB7F7205918470066652E /* Recipe.swift */ = {isa = PBXFileReference; fileEncoding = 4; lastKnownFileType = sourcecode.swift; path = Recipe.swift; sourceTree = "<group>"; };
		F52AB7F8205918470066652E /* Recipe+Loading.swift */ = {isa = PBXFileReference; fileEncoding = 4; lastKnownFileType = sourcecode.swift; path = "Recipe+Loading.swift"; sourceTree = "<group>"; };
		F52AB7FB205918A00066652E /* CookbookStoryboardIdentifier.swift */ = {isa = PBXFileReference; fileEncoding = 4; lastKnownFileType = sourcecode.swift; path = CookbookStoryboardIdentifier.swift; sourceTree = "<group>"; };
		F52AB800205920E20066652E /* SimpleStackView.swift */ = {isa = PBXFileReference; lastKnownFileType = sourcecode.swift; path = SimpleStackView.swift; sourceTree = "<group>"; };
		F533C433205CD8E20007C438 /* DynamicStackView.swift */ = {isa = PBXFileReference; lastKnownFileType = sourcecode.swift; path = DynamicStackView.swift; sourceTree = "<group>"; };
		F59FF38F205B8DC7002127D1 /* NestedStackViews.swift */ = {isa = PBXFileReference; lastKnownFileType = sourcecode.swift; path = NestedStackViews.swift; sourceTree = "<group>"; };
		F59FF391205BD049002127D1 /* BaseVC.swift */ = {isa = PBXFileReference; lastKnownFileType = sourcecode.swift; path = BaseVC.swift; sourceTree = "<group>"; };
		F5CF3C5D2068FB8000497DD4 /* TwoDifferentWidthViews.swift */ = {isa = PBXFileReference; lastKnownFileType = sourcecode.swift; path = TwoDifferentWidthViews.swift; sourceTree = "<group>"; };
		F5CF3C5F2069055700497DD4 /* TwoViewsWithComplexWidths.swift */ = {isa = PBXFileReference; lastKnownFileType = sourcecode.swift; path = TwoViewsWithComplexWidths.swift; sourceTree = "<group>"; };
		F5D252382061263000D65975 /* TwoEqualWidthViews.swift */ = {isa = PBXFileReference; lastKnownFileType = sourcecode.swift; path = TwoEqualWidthViews.swift; sourceTree = "<group>"; };
		F5EB716F2057DD9300B4F6C1 /* demoAutoLayoutProgrammatically.app */ = {isa = PBXFileReference; explicitFileType = wrapper.application; includeInIndex = 0; path = demoAutoLayoutProgrammatically.app; sourceTree = BUILT_PRODUCTS_DIR; };
		F5EB71722057DD9300B4F6C1 /* AppDelegate.swift */ = {isa = PBXFileReference; lastKnownFileType = sourcecode.swift; path = AppDelegate.swift; sourceTree = "<group>"; };
		F5EB71792057DD9300B4F6C1 /* Assets.xcassets */ = {isa = PBXFileReference; lastKnownFileType = folder.assetcatalog; path = Assets.xcassets; sourceTree = "<group>"; };
		F5EB717C2057DD9300B4F6C1 /* Base */ = {isa = PBXFileReference; lastKnownFileType = file.storyboard; name = Base; path = Base.lproj/LaunchScreen.storyboard; sourceTree = "<group>"; };
		F5EB717E2057DD9300B4F6C1 /* Info.plist */ = {isa = PBXFileReference; lastKnownFileType = text.plist.xml; path = Info.plist; sourceTree = "<group>"; };
		F5EB71832057DD9300B4F6C1 /* demoAutoLayoutProgrammaticallyTests.xctest */ = {isa = PBXFileReference; explicitFileType = wrapper.cfbundle; includeInIndex = 0; path = demoAutoLayoutProgrammaticallyTests.xctest; sourceTree = BUILT_PRODUCTS_DIR; };
		F5EB71872057DD9400B4F6C1 /* demoAutoLayoutProgrammaticallyTests.swift */ = {isa = PBXFileReference; lastKnownFileType = sourcecode.swift; path = demoAutoLayoutProgrammaticallyTests.swift; sourceTree = "<group>"; };
		F5EB71892057DD9400B4F6C1 /* Info.plist */ = {isa = PBXFileReference; lastKnownFileType = text.plist.xml; path = Info.plist; sourceTree = "<group>"; };
/* End PBXFileReference section */

/* Begin PBXFrameworksBuildPhase section */
		F5EB716C2057DD9300B4F6C1 /* Frameworks */ = {
			isa = PBXFrameworksBuildPhase;
			buildActionMask = 2147483647;
			files = (
			);
			runOnlyForDeploymentPostprocessing = 0;
		};
		F5EB71802057DD9300B4F6C1 /* Frameworks */ = {
			isa = PBXFrameworksBuildPhase;
			buildActionMask = 2147483647;
			files = (
			);
			runOnlyForDeploymentPostprocessing = 0;
		};
/* End PBXFrameworksBuildPhase section */

/* Begin PBXGroup section */
		F52AB7F3205918030066652E /* Resources */ = {
			isa = PBXGroup;
			children = (
				F52AB7FB205918A00066652E /* CookbookStoryboardIdentifier.swift */,
				F52AB7F4205918030066652E /* Cookbook.plist */,
			);
			path = Resources;
			sourceTree = "<group>";
		};
		F52AB7F6205918470066652E /* Model */ = {
			isa = PBXGroup;
			children = (
				F52AB7F7205918470066652E /* Recipe.swift */,
				F52AB7F8205918470066652E /* Recipe+Loading.swift */,
			);
			path = Model;
			sourceTree = "<group>";
		};
		F52AB7FF205920B30066652E /* ViewControllers */ = {
			isa = PBXGroup;
			children = (
				F52AB800205920E20066652E /* SimpleStackView.swift */,
				F59FF38F205B8DC7002127D1 /* NestedStackViews.swift */,
				F59FF391205BD049002127D1 /* BaseVC.swift */,
				F533C433205CD8E20007C438 /* DynamicStackView.swift */,
				F5D252382061263000D65975 /* TwoEqualWidthViews.swift */,
				F5CF3C5D2068FB8000497DD4 /* TwoDifferentWidthViews.swift */,
				F5CF3C5F2069055700497DD4 /* TwoViewsWithComplexWidths.swift */,
			);
			path = ViewControllers;
			sourceTree = "<group>";
		};
		F5EB71662057DD9300B4F6C1 = {
			isa = PBXGroup;
			children = (
				F5EB71712057DD9300B4F6C1 /* demoAutoLayoutProgrammatically */,
				F5EB71862057DD9300B4F6C1 /* demoAutoLayoutProgrammaticallyTests */,
				F5EB71702057DD9300B4F6C1 /* Products */,
			);
			sourceTree = "<group>";
		};
		F5EB71702057DD9300B4F6C1 /* Products */ = {
			isa = PBXGroup;
			children = (
				F5EB716F2057DD9300B4F6C1 /* demoAutoLayoutProgrammatically.app */,
				F5EB71832057DD9300B4F6C1 /* demoAutoLayoutProgrammaticallyTests.xctest */,
			);
			name = Products;
			sourceTree = "<group>";
		};
		F5EB71712057DD9300B4F6C1 /* demoAutoLayoutProgrammatically */ = {
			isa = PBXGroup;
			children = (
				F52AB7FF205920B30066652E /* ViewControllers */,
				F52AB7F6205918470066652E /* Model */,
				F52AB7F3205918030066652E /* Resources */,
				F5EB71722057DD9300B4F6C1 /* AppDelegate.swift */,
				F5EB71792057DD9300B4F6C1 /* Assets.xcassets */,
				F5EB717B2057DD9300B4F6C1 /* LaunchScreen.storyboard */,
				F5EB717E2057DD9300B4F6C1 /* Info.plist */,
			);
			path = demoAutoLayoutProgrammatically;
			sourceTree = "<group>";
		};
		F5EB71862057DD9300B4F6C1 /* demoAutoLayoutProgrammaticallyTests */ = {
			isa = PBXGroup;
			children = (
				F5EB71872057DD9400B4F6C1 /* demoAutoLayoutProgrammaticallyTests.swift */,
				F5EB71892057DD9400B4F6C1 /* Info.plist */,
			);
			path = demoAutoLayoutProgrammaticallyTests;
			sourceTree = "<group>";
		};
/* End PBXGroup section */

/* Begin PBXNativeTarget section */
		F5EB716E2057DD9300B4F6C1 /* demoAutoLayoutProgrammatically */ = {
			isa = PBXNativeTarget;
			buildConfigurationList = F5EB718C2057DD9400B4F6C1 /* Build configuration list for PBXNativeTarget "demoAutoLayoutProgrammatically" */;
			buildPhases = (
				F5EB716B2057DD9300B4F6C1 /* Sources */,
				F5EB716C2057DD9300B4F6C1 /* Frameworks */,
				F5EB716D2057DD9300B4F6C1 /* Resources */,
			);
			buildRules = (
			);
			dependencies = (
			);
			name = demoAutoLayoutProgrammatically;
			productName = demoAutoLayoutProgrammatically;
			productReference = F5EB716F2057DD9300B4F6C1 /* demoAutoLayoutProgrammatically.app */;
			productType = "com.apple.product-type.application";
		};
		F5EB71822057DD9300B4F6C1 /* demoAutoLayoutProgrammaticallyTests */ = {
			isa = PBXNativeTarget;
			buildConfigurationList = F5EB718F2057DD9400B4F6C1 /* Build configuration list for PBXNativeTarget "demoAutoLayoutProgrammaticallyTests" */;
			buildPhases = (
				F5EB717F2057DD9300B4F6C1 /* Sources */,
				F5EB71802057DD9300B4F6C1 /* Frameworks */,
				F5EB71812057DD9300B4F6C1 /* Resources */,
			);
			buildRules = (
			);
			dependencies = (
				F5EB71852057DD9300B4F6C1 /* PBXTargetDependency */,
			);
			name = demoAutoLayoutProgrammaticallyTests;
			productName = demoAutoLayoutProgrammaticallyTests;
			productReference = F5EB71832057DD9300B4F6C1 /* demoAutoLayoutProgrammaticallyTests.xctest */;
			productType = "com.apple.product-type.bundle.unit-test";
		};
/* End PBXNativeTarget section */

/* Begin PBXProject section */
		F5EB71672057DD9300B4F6C1 /* Project object */ = {
			isa = PBXProject;
			attributes = {
				LastSwiftUpdateCheck = 0920;
				LastUpgradeCheck = 0920;
				ORGANIZATIONNAME = "Intelivex Labs";
				TargetAttributes = {
					F5EB716E2057DD9300B4F6C1 = {
						CreatedOnToolsVersion = 9.2;
						ProvisioningStyle = Automatic;
					};
					F5EB71822057DD9300B4F6C1 = {
						CreatedOnToolsVersion = 9.2;
						ProvisioningStyle = Automatic;
						TestTargetID = F5EB716E2057DD9300B4F6C1;
					};
				};
			};
			buildConfigurationList = F5EB716A2057DD9300B4F6C1 /* Build configuration list for PBXProject "demoAutoLayoutProgrammatically" */;
			compatibilityVersion = "Xcode 8.0";
			developmentRegion = en;
			hasScannedForEncodings = 0;
			knownRegions = (
				en,
				Base,
			);
			mainGroup = F5EB71662057DD9300B4F6C1;
			productRefGroup = F5EB71702057DD9300B4F6C1 /* Products */;
			projectDirPath = "";
			projectRoot = "";
			targets = (
				F5EB716E2057DD9300B4F6C1 /* demoAutoLayoutProgrammatically */,
				F5EB71822057DD9300B4F6C1 /* demoAutoLayoutProgrammaticallyTests */,
			);
		};
/* End PBXProject section */

/* Begin PBXResourcesBuildPhase section */
		F5EB716D2057DD9300B4F6C1 /* Resources */ = {
			isa = PBXResourcesBuildPhase;
			buildActionMask = 2147483647;
			files = (
				F5EB717D2057DD9300B4F6C1 /* LaunchScreen.storyboard in Resources */,
				F5EB717A2057DD9300B4F6C1 /* Assets.xcassets in Resources */,
				F52AB7F5205918030066652E /* Cookbook.plist in Resources */,
			);
			runOnlyForDeploymentPostprocessing = 0;
		};
		F5EB71812057DD9300B4F6C1 /* Resources */ = {
			isa = PBXResourcesBuildPhase;
			buildActionMask = 2147483647;
			files = (
			);
			runOnlyForDeploymentPostprocessing = 0;
		};
/* End PBXResourcesBuildPhase section */

/* Begin PBXSourcesBuildPhase section */
		F5EB716B2057DD9300B4F6C1 /* Sources */ = {
			isa = PBXSourcesBuildPhase;
			buildActionMask = 2147483647;
			files = (
				F52AB7FA205918470066652E /* Recipe+Loading.swift in Sources */,
				F59FF390205B8DC7002127D1 /* NestedStackViews.swift in Sources */,
				F52AB7F9205918470066652E /* Recipe.swift in Sources */,
				F59FF392205BD049002127D1 /* BaseVC.swift in Sources */,
				F5D252392061263100D65975 /* TwoEqualWidthViews.swift in Sources */,
				F52AB7FC205918A10066652E /* CookbookStoryboardIdentifier.swift in Sources */,
				F5CF3C5E2068FB8000497DD4 /* TwoDifferentWidthViews.swift in Sources */,
				F5EB71732057DD9300B4F6C1 /* AppDelegate.swift in Sources */,
				F533C434205CD8E20007C438 /* DynamicStackView.swift in Sources */,
				F5CF3C602069055700497DD4 /* TwoViewsWithComplexWidths.swift in Sources */,
				F52AB801205920E20066652E /* SimpleStackView.swift in Sources */,
			);
			runOnlyForDeploymentPostprocessing = 0;
		};
		F5EB717F2057DD9300B4F6C1 /* Sources */ = {
			isa = PBXSourcesBuildPhase;
			buildActionMask = 2147483647;
			files = (
				F5EB71882057DD9400B4F6C1 /* demoAutoLayoutProgrammaticallyTests.swift in Sources */,
			);
			runOnlyForDeploymentPostprocessing = 0;
		};
/* End PBXSourcesBuildPhase section */

/* Begin PBXTargetDependency section */
		F5EB71852057DD9300B4F6C1 /* PBXTargetDependency */ = {
			isa = PBXTargetDependency;
			target = F5EB716E2057DD9300B4F6C1 /* demoAutoLayoutProgrammatically */;
			targetProxy = F5EB71842057DD9300B4F6C1 /* PBXContainerItemProxy */;
		};
/* End PBXTargetDependency section */

/* Begin PBXVariantGroup section */
		F5EB717B2057DD9300B4F6C1 /* LaunchScreen.storyboard */ = {
			isa = PBXVariantGroup;
			children = (
				F5EB717C2057DD9300B4F6C1 /* Base */,
			);
			name = LaunchScreen.storyboard;
			sourceTree = "<group>";
		};
/* End PBXVariantGroup section */

/* Begin XCBuildConfiguration section */
		F5EB718A2057DD9400B4F6C1 /* Debug */ = {
			isa = XCBuildConfiguration;
			buildSettings = {
				ALWAYS_SEARCH_USER_PATHS = NO;
				CLANG_ANALYZER_NONNULL = YES;
				CLANG_ANALYZER_NUMBER_OBJECT_CONVERSION = YES_AGGRESSIVE;
				CLANG_CXX_LANGUAGE_STANDARD = "gnu++14";
				CLANG_CXX_LIBRARY = "libc++";
				CLANG_ENABLE_MODULES = YES;
				CLANG_ENABLE_OBJC_ARC = YES;
				CLANG_WARN_BLOCK_CAPTURE_AUTORELEASING = YES;
				CLANG_WARN_BOOL_CONVERSION = YES;
				CLANG_WARN_COMMA = YES;
				CLANG_WARN_CONSTANT_CONVERSION = YES;
				CLANG_WARN_DIRECT_OBJC_ISA_USAGE = YES_ERROR;
				CLANG_WARN_DOCUMENTATION_COMMENTS = YES;
				CLANG_WARN_EMPTY_BODY = YES;
				CLANG_WARN_ENUM_CONVERSION = YES;
				CLANG_WARN_INFINITE_RECURSION = YES;
				CLANG_WARN_INT_CONVERSION = YES;
				CLANG_WARN_NON_LITERAL_NULL_CONVERSION = YES;
				CLANG_WARN_OBJC_LITERAL_CONVERSION = YES;
				CLANG_WARN_OBJC_ROOT_CLASS = YES_ERROR;
				CLANG_WARN_RANGE_LOOP_ANALYSIS = YES;
				CLANG_WARN_STRICT_PROTOTYPES = YES;
				CLANG_WARN_SUSPICIOUS_MOVE = YES;
				CLANG_WARN_UNGUARDED_AVAILABILITY = YES_AGGRESSIVE;
				CLANG_WARN_UNREACHABLE_CODE = YES;
				CLANG_WARN__DUPLICATE_METHOD_MATCH = YES;
				CODE_SIGN_IDENTITY = "iPhone Developer";
				COPY_PHASE_STRIP = NO;
				DEBUG_INFORMATION_FORMAT = dwarf;
				ENABLE_STRICT_OBJC_MSGSEND = YES;
				ENABLE_TESTABILITY = YES;
				GCC_C_LANGUAGE_STANDARD = gnu11;
				GCC_DYNAMIC_NO_PIC = NO;
				GCC_NO_COMMON_BLOCKS = YES;
				GCC_OPTIMIZATION_LEVEL = 0;
				GCC_PREPROCESSOR_DEFINITIONS = (
					"DEBUG=1",
					"$(inherited)",
				);
				GCC_WARN_64_TO_32_BIT_CONVERSION = YES;
				GCC_WARN_ABOUT_RETURN_TYPE = YES_ERROR;
				GCC_WARN_UNDECLARED_SELECTOR = YES;
				GCC_WARN_UNINITIALIZED_AUTOS = YES_AGGRESSIVE;
				GCC_WARN_UNUSED_FUNCTION = YES;
				GCC_WARN_UNUSED_VARIABLE = YES;
				IPHONEOS_DEPLOYMENT_TARGET = 11.2;
				MTL_ENABLE_DEBUG_INFO = YES;
				ONLY_ACTIVE_ARCH = YES;
				SDKROOT = iphoneos;
				SWIFT_ACTIVE_COMPILATION_CONDITIONS = DEBUG;
				SWIFT_OPTIMIZATION_LEVEL = "-Onone";
			};
			name = Debug;
		};
		F5EB718B2057DD9400B4F6C1 /* Release */ = {
			isa = XCBuildConfiguration;
			buildSettings = {
				ALWAYS_SEARCH_USER_PATHS = NO;
				CLANG_ANALYZER_NONNULL = YES;
				CLANG_ANALYZER_NUMBER_OBJECT_CONVERSION = YES_AGGRESSIVE;
				CLANG_CXX_LANGUAGE_STANDARD = "gnu++14";
				CLANG_CXX_LIBRARY = "libc++";
				CLANG_ENABLE_MODULES = YES;
				CLANG_ENABLE_OBJC_ARC = YES;
				CLANG_WARN_BLOCK_CAPTURE_AUTORELEASING = YES;
				CLANG_WARN_BOOL_CONVERSION = YES;
				CLANG_WARN_COMMA = YES;
				CLANG_WARN_CONSTANT_CONVERSION = YES;
				CLANG_WARN_DIRECT_OBJC_ISA_USAGE = YES_ERROR;
				CLANG_WARN_DOCUMENTATION_COMMENTS = YES;
				CLANG_WARN_EMPTY_BODY = YES;
				CLANG_WARN_ENUM_CONVERSION = YES;
				CLANG_WARN_INFINITE_RECURSION = YES;
				CLANG_WARN_INT_CONVERSION = YES;
				CLANG_WARN_NON_LITERAL_NULL_CONVERSION = YES;
				CLANG_WARN_OBJC_LITERAL_CONVERSION = YES;
				CLANG_WARN_OBJC_ROOT_CLASS = YES_ERROR;
				CLANG_WARN_RANGE_LOOP_ANALYSIS = YES;
				CLANG_WARN_STRICT_PROTOTYPES = YES;
				CLANG_WARN_SUSPICIOUS_MOVE = YES;
				CLANG_WARN_UNGUARDED_AVAILABILITY = YES_AGGRESSIVE;
				CLANG_WARN_UNREACHABLE_CODE = YES;
				CLANG_WARN__DUPLICATE_METHOD_MATCH = YES;
				CODE_SIGN_IDENTITY = "iPhone Developer";
				COPY_PHASE_STRIP = NO;
				DEBUG_INFORMATION_FORMAT = "dwarf-with-dsym";
				ENABLE_NS_ASSERTIONS = NO;
				ENABLE_STRICT_OBJC_MSGSEND = YES;
				GCC_C_LANGUAGE_STANDARD = gnu11;
				GCC_NO_COMMON_BLOCKS = YES;
				GCC_WARN_64_TO_32_BIT_CONVERSION = YES;
				GCC_WARN_ABOUT_RETURN_TYPE = YES_ERROR;
				GCC_WARN_UNDECLARED_SELECTOR = YES;
				GCC_WARN_UNINITIALIZED_AUTOS = YES_AGGRESSIVE;
				GCC_WARN_UNUSED_FUNCTION = YES;
				GCC_WARN_UNUSED_VARIABLE = YES;
				IPHONEOS_DEPLOYMENT_TARGET = 11.2;
				MTL_ENABLE_DEBUG_INFO = NO;
				SDKROOT = iphoneos;
				SWIFT_OPTIMIZATION_LEVEL = "-Owholemodule";
				VALIDATE_PRODUCT = YES;
			};
			name = Release;
		};
		F5EB718D2057DD9400B4F6C1 /* Debug */ = {
			isa = XCBuildConfiguration;
			buildSettings = {
				ASSETCATALOG_COMPILER_APPICON_NAME = AppIcon;
				CODE_SIGN_STYLE = Automatic;
				DEVELOPMENT_TEAM = "";
				INFOPLIST_FILE = demoAutoLayoutProgrammatically/Info.plist;
				IPHONEOS_DEPLOYMENT_TARGET = 11.2;
				LD_RUNPATH_SEARCH_PATHS = "$(inherited) @executable_path/Frameworks";
				PRODUCT_BUNDLE_IDENTIFIER = intelivexlabs.demoAutoLayoutProgrammatically;
				PRODUCT_NAME = "$(TARGET_NAME)";
				SWIFT_VERSION = 4.0;
				TARGETED_DEVICE_FAMILY = "1,2";
			};
			name = Debug;
		};
		F5EB718E2057DD9400B4F6C1 /* Release */ = {
			isa = XCBuildConfiguration;
			buildSettings = {
				ASSETCATALOG_COMPILER_APPICON_NAME = AppIcon;
				CODE_SIGN_STYLE = Automatic;
				DEVELOPMENT_TEAM = "";
				INFOPLIST_FILE = demoAutoLayoutProgrammatically/Info.plist;
				IPHONEOS_DEPLOYMENT_TARGET = 11.2;
				LD_RUNPATH_SEARCH_PATHS = "$(inherited) @executable_path/Frameworks";
				PRODUCT_BUNDLE_IDENTIFIER = intelivexlabs.demoAutoLayoutProgrammatically;
				PRODUCT_NAME = "$(TARGET_NAME)";
				SWIFT_VERSION = 4.0;
				TARGETED_DEVICE_FAMILY = "1,2";
			};
			name = Release;
		};
		F5EB71902057DD9400B4F6C1 /* Debug */ = {
			isa = XCBuildConfiguration;
			buildSettings = {
				ALWAYS_EMBED_SWIFT_STANDARD_LIBRARIES = YES;
				BUNDLE_LOADER = "$(TEST_HOST)";
				CODE_SIGN_STYLE = Automatic;
				DEVELOPMENT_TEAM = W72GC72X9W;
				INFOPLIST_FILE = demoAutoLayoutProgrammaticallyTests/Info.plist;
				LD_RUNPATH_SEARCH_PATHS = "$(inherited) @executable_path/Frameworks @loader_path/Frameworks";
				PRODUCT_BUNDLE_IDENTIFIER = intelivexlabs.demoAutoLayoutProgrammaticallyTests;
				PRODUCT_NAME = "$(TARGET_NAME)";
				SWIFT_VERSION = 4.0;
				TARGETED_DEVICE_FAMILY = "1,2";
				TEST_HOST = "$(BUILT_PRODUCTS_DIR)/demoAutoLayoutProgrammatically.app/demoAutoLayoutProgrammatically";
			};
			name = Debug;
		};
		F5EB71912057DD9400B4F6C1 /* Release */ = {
			isa = XCBuildConfiguration;
			buildSettings = {
				ALWAYS_EMBED_SWIFT_STANDARD_LIBRARIES = YES;
				BUNDLE_LOADER = "$(TEST_HOST)";
				CODE_SIGN_STYLE = Automatic;
				DEVELOPMENT_TEAM = W72GC72X9W;
				INFOPLIST_FILE = demoAutoLayoutProgrammaticallyTests/Info.plist;
				LD_RUNPATH_SEARCH_PATHS = "$(inherited) @executable_path/Frameworks @loader_path/Frameworks";
				PRODUCT_BUNDLE_IDENTIFIER = intelivexlabs.demoAutoLayoutProgrammaticallyTests;
				PRODUCT_NAME = "$(TARGET_NAME)";
				SWIFT_VERSION = 4.0;
				TARGETED_DEVICE_FAMILY = "1,2";
				TEST_HOST = "$(BUILT_PRODUCTS_DIR)/demoAutoLayoutProgrammatically.app/demoAutoLayoutProgrammatically";
			};
			name = Release;
		};
/* End XCBuildConfiguration section */

/* Begin XCConfigurationList section */
		F5EB716A2057DD9300B4F6C1 /* Build configuration list for PBXProject "demoAutoLayoutProgrammatically" */ = {
			isa = XCConfigurationList;
			buildConfigurations = (
				F5EB718A2057DD9400B4F6C1 /* Debug */,
				F5EB718B2057DD9400B4F6C1 /* Release */,
			);
			defaultConfigurationIsVisible = 0;
			defaultConfigurationName = Release;
		};
		F5EB718C2057DD9400B4F6C1 /* Build configuration list for PBXNativeTarget "demoAutoLayoutProgrammatically" */ = {
			isa = XCConfigurationList;
			buildConfigurations = (
				F5EB718D2057DD9400B4F6C1 /* Debug */,
				F5EB718E2057DD9400B4F6C1 /* Release */,
			);
			defaultConfigurationIsVisible = 0;
			defaultConfigurationName = Release;
		};
		F5EB718F2057DD9400B4F6C1 /* Build configuration list for PBXNativeTarget "demoAutoLayoutProgrammaticallyTests" */ = {
			isa = XCConfigurationList;
			buildConfigurations = (
				F5EB71902057DD9400B4F6C1 /* Debug */,
				F5EB71912057DD9400B4F6C1 /* Release */,
			);
			defaultConfigurationIsVisible = 0;
			defaultConfigurationName = Release;
		};
/* End XCConfigurationList section */
	};
	rootObject = F5EB71672057DD9300B4F6C1 /* Project object */;
}
